
Microsoft Visual Studio Solution File, Format Version 12.00
# Visual Studio 15
VisualStudioVersion = 15.0.27428.2015
MinimumVisualStudioVersion = 10.0.40219.1
Project("{9A19103F-16F7-4668-BE54-9A1E7A4F7556}") = "RedisLazyCache", "RedisLazyCache\RedisLazyCache.csproj", "{6236D86A-3EF5-4806-A734-C6D211054CB1}"
EndProject
Project("{9A19103F-16F7-4668-BE54-9A1E7A4F7556}") = "RedisLazyCache.Sample.Client", "RedisLazyCache.Sample.Client\RedisLazyCache.Sample.Client.csproj", "{C01AE09B-6BE7-4B63-B174-1BD3ADA6917F}"
EndProject
Global
	GlobalSection(SolutionConfigurationPlatforms) = preSolution
		Debug|Any CPU = Debug|Any CPU
		Release|Any CPU = Release|Any CPU
	EndGlobalSection
	GlobalSection(ProjectConfigurationPlatforms) = postSolution
		{6236D86A-3EF5-4806-A734-C6D211054CB1}.Debug|Any CPU.ActiveCfg = Debug|Any CPU
		{6236D86A-3EF5-4806-A734-C6D211054CB1}.Debug|Any CPU.Build.0 = Debug|Any CPU
		{6236D86A-3EF5-4806-A734-C6D211054CB1}.Release|Any CPU.ActiveCfg = Release|Any CPU
		{6236D86A-3EF5-4806-A734-C6D211054CB1}.Release|Any CPU.Build.0 = Release|Any CPU
		{C01AE09B-6BE7-4B63-B174-1BD3ADA6917F}.Debug|Any CPU.ActiveCfg = Debug|Any CPU
		{C01AE09B-6BE7-4B63-B174-1BD3ADA6917F}.Debug|Any CPU.Build.0 = Debug|Any CPU
		{C01AE09B-6BE7-4B63-B174-1BD3ADA6917F}.Release|Any CPU.ActiveCfg = Release|Any CPU
		{C01AE09B-6BE7-4B63-B174-1BD3ADA6917F}.Release|Any CPU.Build.0 = Release|Any CPU
	EndGlobalSection
	GlobalSection(SolutionProperties) = preSolution
		HideSolutionNode = FALSE
	EndGlobalSection
	GlobalSection(ExtensibilityGlobals) = postSolution
		SolutionGuid = {7D2CE9AE-5172-4FB1-A157-EB1DDD640BBD}
	EndGlobalSection
EndGlobal
